{
  "name": "@myc666/viceme-cli",
  "version": "0.16.0-beta.2",
  "lockfileVersion": 3,
  "requires": true,
  "packages": {
    "": {
      "name": "@myc666/viceme-cli",
      "version": "0.16.0-beta.2",
      "license": "Apache-2.0",
      "bin": {
        "viceme": "npm/bin/viceme.mjs"
      },
      "engines": {
        "node": ">=18.20.0"
      }
    }
  }
}
